
Microsoft Visual Studio Solution File, Format Version 12.00
# Visual Studio Version 17
VisualStudioVersion = 17.9.34723.18
MinimumVisualStudioVersion = 10.0.40219.1
Project("{8BC9CEB8-8B4A-11D0-8D11-00A0C91BC942}") = "App", "App\App.vcxproj", "{014B8B89-0140-4702-9F48-31AE51F7CF16}"
EndProject
Project("{8BC9CEB8-8B4A-11D0-8D11-00A0C91BC942}") = "PoopyLib", "PoopyLib\PoopyLib.vcxproj", "{A02A225E-860E-4696-A07D-52BCD0BA3E60}"
EndProject
Global
	GlobalSection(SolutionConfigurationPlatforms) = preSolution
		Debug|x64 = Debug|x64
		Debug|x86 = Debug|x86
		Release|x64 = Release|x64
		Release|x86 = Release|x86
	EndGlobalSection
	GlobalSection(ProjectConfigurationPlatforms) = postSolution
		{014B8B89-0140-4702-9F48-31AE51F7CF16}.Debug|x64.ActiveCfg = Debug|x64
		{014B8B89-0140-4702-9F48-31AE51F7CF16}.Debug|x64.Build.0 = Debug|x64
		{014B8B89-0140-4702-9F48-31AE51F7CF16}.Debug|x86.ActiveCfg = Debug|Win32
		{014B8B89-0140-4702-9F48-31AE51F7CF16}.Debug|x86.Build.0 = Debug|Win32
		{014B8B89-0140-4702-9F48-31AE51F7CF16}.Release|x64.ActiveCfg = Release|x64
		{014B8B89-0140-4702-9F48-31AE51F7CF16}.Release|x64.Build.0 = Release|x64
		{014B8B89-0140-4702-9F48-31AE51F7CF16}.Release|x86.ActiveCfg = Release|Win32
		{014B8B89-0140-4702-9F48-31AE51F7CF16}.Release|x86.Build.0 = Release|Win32
		{A02A225E-860E-4696-A07D-52BCD0BA3E60}.Debug|x64.ActiveCfg = Debug|x64
		{A02A225E-860E-4696-A07D-52BCD0BA3E60}.Debug|x64.Build.0 = Debug|x64
		{A02A225E-860E-4696-A07D-52BCD0BA3E60}.Debug|x86.ActiveCfg = Debug|Win32
		{A02A225E-860E-4696-A07D-52BCD0BA3E60}.Debug|x86.Build.0 = Debug|Win32
		{A02A225E-860E-4696-A07D-52BCD0BA3E60}.Release|x64.ActiveCfg = Release|x64
		{A02A225E-860E-4696-A07D-52BCD0BA3E60}.Release|x64.Build.0 = Release|x64
		{A02A225E-860E-4696-A07D-52BCD0BA3E60}.Release|x86.ActiveCfg = Release|Win32
		{A02A225E-860E-4696-A07D-52BCD0BA3E60}.Release|x86.Build.0 = Release|Win32
	EndGlobalSection
	GlobalSection(SolutionProperties) = preSolution
		HideSolutionNode = FALSE
	EndGlobalSection
	GlobalSection(ExtensibilityGlobals) = postSolution
		SolutionGuid = {73362376-3D75-4AB3-A2BB-4447EFD58DCE}
	EndGlobalSection
EndGlobal
